// !$*UTF8*$!
{
	archiveVersion = 1;
	classes = {
	};
	objectVersion = 46;
	objects = {

/* Begin PBXBuildFile section */
		59C6AEF41D3A35B2005E7522 /* AppDelegate.swift in Sources */ = {isa = PBXBuildFile; fileRef = 59C6AEF31D3A35B2005E7522 /* AppDelegate.swift */; };
		59C6AEF61D3A35B2005E7522 /* ViewController.swift in Sources */ = {isa = PBXBuildFile; fileRef = 59C6AEF51D3A35B2005E7522 /* ViewController.swift */; };
		59C6AEF91D3A35B2005E7522 /* Main.storyboard in Resources */ = {isa = PBXBuildFile; fileRef = 59C6AEF71D3A35B2005E7522 /* Main.storyboard */; };
		59C6AEFB1D3A35B2005E7522 /* Assets.xcassets in Resources */ = {isa = PBXBuildFile; fileRef = 59C6AEFA1D3A35B2005E7522 /* Assets.xcassets */; };
		59C6AEFE1D3A35B2005E7522 /* LaunchScreen.storyboard in Resources */ = {isa = PBXBuildFile; fileRef = 59C6AEFC1D3A35B2005E7522 /* LaunchScreen.storyboard */; };
/* End PBXBuildFile section */

/* Begin PBXFileReference section */
		59C6AEF01D3A35B2005E7522 /* Bewkoof.app */ = {isa = PBXFileReference; explicitFileType = wrapper.application; includeInIndex = 0; path = Bewkoof.app; sourceTree = BUILT_PRODUCTS_DIR; };
		59C6AEF31D3A35B2005E7522 /* AppDelegate.swift */ = {isa = PBXFileReference; lastKnownFileType = sourcecode.swift; path = AppDelegate.swift; sourceTree = "<group>"; };
		59C6AEF51D3A35B2005E7522 /* ViewController.swift */ = {isa = PBXFileReference; lastKnownFileType = sourcecode.swift; path = ViewController.swift; sourceTree = "<group>"; };
		59C6AEF81D3A35B2005E7522 /* Base */ = {isa = PBXFileReference; lastKnownFileType = file.storyboard; name = Base; path = Base.lproj/Main.storyboard; sourceTree = "<group>"; };
		59C6AEFA1D3A35B2005E7522 /* Assets.xcassets */ = {isa = PBXFileReference; lastKnownFileType = folder.assetcatalog; path = Assets.xcassets; sourceTree = "<group>"; };
		59C6AEFD1D3A35B2005E7522 /* Base */ = {isa = PBXFileReference; lastKnownFileType = file.storyboard; name = Base; path = Base.lproj/LaunchScreen.storyboard; sourceTree = "<group>"; };
		59C6AEFF1D3A35B2005E7522 /* Info.plist */ = {isa = PBXFileReference; lastKnownFileType = text.plist.xml; path = Info.plist; sourceTree = "<group>"; };
/* End PBXFileReference section */

/* Begin PBXFrameworksBuildPhase section */
		59C6AEED1D3A35B2005E7522 /* Frameworks */ = {
			isa = PBXFrameworksBuildPhase;
			buildActionMask = 2147483647;
			files = (
			);
			runOnlyForDeploymentPostprocessing = 0;
		};
/* End PBXFrameworksBuildPhase section */

/* Begin PBXGroup section */
		59C6AEE71D3A35B2005E7522 = {
			isa = PBXGroup;
			children = (
				59C6AEF21D3A35B2005E7522 /* Bewkoof */,
				59C6AEF11D3A35B2005E7522 /* Products */,
			);
			sourceTree = "<group>";
		};
		59C6AEF11D3A35B2005E7522 /* Products */ = {
			isa = PBXGroup;
			children = (
				59C6AEF01D3A35B2005E7522 /* Bewkoof.app */,
			);
			name = Products;
			sourceTree = "<group>";
		};
		59C6AEF21D3A35B2005E7522 /* Bewkoof */ = {
			isa = PBXGroup;
			children = (
				59C6AEF31D3A35B2005E7522 /* AppDelegate.swift */,
				59C6AEF51D3A35B2005E7522 /* ViewController.swift */,
				59C6AEF71D3A35B2005E7522 /* Main.storyboard */,
				59C6AEFA1D3A35B2005E7522 /* Assets.xcassets */,
				59C6AEFC1D3A35B2005E7522 /* LaunchScreen.storyboard */,
				59C6AEFF1D3A35B2005E7522 /* Info.plist */,
			);
			path = Bewkoof;
			sourceTree = "<group>";
		};
/* End PBXGroup section */

/* Begin PBXNativeTarget section */
		59C6AEEF1D3A35B2005E7522 /* Bewkoof */ = {
			isa = PBXNativeTarget;
			buildConfigurationList = 59C6AF021D3A35B2005E7522 /* Build configuration list for PBXNativeTarget "Bewkoof" */;
			buildPhases = (
				59C6AEEC1D3A35B2005E7522 /* Sources */,
				59C6AEED1D3A35B2005E7522 /* Frameworks */,
				59C6AEEE1D3A35B2005E7522 /* Resources */,
			);
			buildRules = (
			);
			dependencies = (
			);
			name = Bewkoof;
			productName = Bewkoof;
			productReference = 59C6AEF01D3A35B2005E7522 /* Bewkoof.app */;
			productType = "com.apple.product-type.application";
		};
/* End PBXNativeTarget section */

/* Begin PBXProject section */
		59C6AEE81D3A35B2005E7522 /* Project object */ = {
			isa = PBXProject;
			attributes = {
				LastSwiftUpdateCheck = 0730;
				LastUpgradeCheck = 0730;
				ORGANIZATIONNAME = "Dark Army";
				TargetAttributes = {
					59C6AEEF1D3A35B2005E7522 = {
						CreatedOnToolsVersion = 7.3.1;
					};
				};
			};
			buildConfigurationList = 59C6AEEB1D3A35B2005E7522 /* Build configuration list for PBXProject "Bewkoof" */;
			compatibilityVersion = "Xcode 3.2";
			developmentRegion = English;
			hasScannedForEncodings = 0;
			knownRegions = (
				en,
				Base,
			);
			mainGroup = 59C6AEE71D3A35B2005E7522;
			productRefGroup = 59C6AEF11D3A35B2005E7522 /* Products */;
			projectDirPath = "";
			projectRoot = "";
			targets = (
				59C6AEEF1D3A35B2005E7522 /* Bewkoof */,
			);
		};
/* End PBXProject section */

/* Begin PBXResourcesBuildPhase section */
		59C6AEEE1D3A35B2005E7522 /* Resources */ = {
			isa = PBXResourcesBuildPhase;
			buildActionMask = 2147483647;
			files = (
				59C6AEFE1D3A35B2005E7522 /* LaunchScreen.storyboard in Resources */,
				59C6AEFB1D3A35B2005E7522 /* Assets.xcassets in Resources */,
				59C6AEF91D3A35B2005E7522 /* Main.storyboard in Resources */,
			);
			runOnlyForDeploymentPostprocessing = 0;
		};
/* End PBXResourcesBuildPhase section */

/* Begin PBXSourcesBuildPhase section */
		59C6AEEC1D3A35B2005E7522 /* Sources */ = {
			isa = PBXSourcesBuildPhase;
			buildActionMask = 2147483647;
			files = (
				59C6AEF61D3A35B2005E7522 /* ViewController.swift in Sources */,
				59C6AEF41D3A35B2005E7522 /* AppDelegate.swift in Sources */,
			);
			runOnlyForDeploymentPostprocessing = 0;
		};
/* End PBXSourcesBuildPhase section */

/* Begin PBXVariantGroup section */
		59C6AEF71D3A35B2005E7522 /* Main.storyboard */ = {
			isa = PBXVariantGroup;
			children = (
				59C6AEF81D3A35B2005E7522 /* Base */,
			);
			name = Main.storyboard;
			sourceTree = "<group>";
		};
		59C6AEFC1D3A35B2005E7522 /* LaunchScreen.storyboard */ = {
			isa = PBXVariantGroup;
			children = (
				59C6AEFD1D3A35B2005E7522 /* Base */,
			);
			name = LaunchScreen.storyboard;
			sourceTree = "<group>";
		};
/* End PBXVariantGroup section */

/* Begin XCBuildConfiguration section */
		59C6AF001D3A35B2005E7522 /* Debug */ = {
			isa = XCBuildConfiguration;
			buildSettings = {
				ALWAYS_SEARCH_USER_PATHS = NO;
				CLANG_ANALYZER_NONNULL = YES;
				CLANG_CXX_LANGUAGE_STANDARD = "gnu++0x";
				CLANG_CXX_LIBRARY = "libc++";
				CLANG_ENABLE_MODULES = YES;
				CLANG_ENABLE_OBJC_ARC = YES;
				CLANG_WARN_BOOL_CONVERSION = YES;
				CLANG_WARN_CONSTANT_CONVERSION = YES;
				CLANG_WARN_DIRECT_OBJC_ISA_USAGE = YES_ERROR;
				CLANG_WARN_EMPTY_BODY = YES;
				CLANG_WARN_ENUM_CONVERSION = YES;
				CLANG_WARN_INT_CONVERSION = YES;
				CLANG_WARN_OBJC_ROOT_CLASS = YES_ERROR;
				CLANG_WARN_UNREACHABLE_CODE = YES;
				CLANG_WARN__DUPLICATE_METHOD_MATCH = YES;
				"CODE_SIGN_IDENTITY[sdk=iphoneos*]" = "iPhone Developer";
				COPY_PHASE_STRIP = NO;
				DEBUG_INFORMATION_FORMAT = dwarf;
				ENABLE_STRICT_OBJC_MSGSEND = YES;
				ENABLE_TESTABILITY = YES;
				GCC_C_LANGUAGE_STANDARD = gnu99;
				GCC_DYNAMIC_NO_PIC = NO;
				GCC_NO_COMMON_BLOCKS = YES;
				GCC_OPTIMIZATION_LEVEL = 0;
				GCC_PREPROCESSOR_DEFINITIONS = (
					"DEBUG=1",
					"$(inherited)",
				);
				GCC_WARN_64_TO_32_BIT_CONVERSION = YES;
				GCC_WARN_ABOUT_RETURN_TYPE = YES_ERROR;
				GCC_WARN_UNDECLARED_SELECTOR = YES;
				GCC_WARN_UNINITIALIZED_AUTOS = YES_AGGRESSIVE;
				GCC_WARN_UNUSED_FUNCTION = YES;
				GCC_WARN_UNUSED_VARIABLE = YES;
				IPHONEOS_DEPLOYMENT_TARGET = 9.3;
				MTL_ENABLE_DEBUG_INFO = YES;
				ONLY_ACTIVE_ARCH = YES;
				SDKROOT = iphoneos;
				SWIFT_OPTIMIZATION_LEVEL = "-Onone";
			};
			name = Debug;
		};
		59C6AF011D3A35B2005E7522 /* Release */ = {
			isa = XCBuildConfiguration;
			buildSettings = {
				ALWAYS_SEARCH_USER_PATHS = NO;
				CLANG_ANALYZER_NONNULL = YES;
				CLANG_CXX_LANGUAGE_STANDARD = "gnu++0x";
				CLANG_CXX_LIBRARY = "libc++";
				CLANG_ENABLE_MODULES = YES;
				CLANG_ENABLE_OBJC_ARC = YES;
				CLANG_WARN_BOOL_CONVERSION = YES;
				CLANG_WARN_CONSTANT_CONVERSION = YES;
				CLANG_WARN_DIRECT_OBJC_ISA_USAGE = YES_ERROR;
				CLANG_WARN_EMPTY_BODY = YES;
				CLANG_WARN_ENUM_CONVERSION = YES;
				CLANG_WARN_INT_CONVERSION = YES;
				CLANG_WARN_OBJC_ROOT_CLASS = YES_ERROR;
				CLANG_WARN_UNREACHABLE_CODE = YES;
				CLANG_WARN__DUPLICATE_METHOD_MATCH = YES;
				"CODE_SIGN_IDENTITY[sdk=iphoneos*]" = "iPhone Developer";
				COPY_PHASE_STRIP = NO;
				DEBUG_INFORMATION_FORMAT = "dwarf-with-dsym";
				ENABLE_NS_ASSERTIONS = NO;
				ENABLE_STRICT_OBJC_MSGSEND = YES;
				GCC_C_LANGUAGE_STANDARD = gnu99;
				GCC_NO_COMMON_BLOCKS = YES;
				GCC_WARN_64_TO_32_BIT_CONVERSION = YES;
				GCC_WARN_ABOUT_RETURN_TYPE = YES_ERROR;
				GCC_WARN_UNDECLARED_SELECTOR = YES;
				GCC_WARN_UNINITIALIZED_AUTOS = YES_AGGRESSIVE;
				GCC_WARN_UNUSED_FUNCTION = YES;
				GCC_WARN_UNUSED_VARIABLE = YES;
				IPHONEOS_DEPLOYMENT_TARGET = 9.3;
				MTL_ENABLE_DEBUG_INFO = NO;
				SDKROOT = iphoneos;
				VALIDATE_PRODUCT = YES;
			};
			name = Release;
		};
		59C6AF031D3A35B2005E7522 /* Debug */ = {
			isa = XCBuildConfiguration;
			buildSettings = {
				ASSETCATALOG_COMPILER_APPICON_NAME = AppIcon;
				INFOPLIST_FILE = Bewkoof/Info.plist;
				LD_RUNPATH_SEARCH_PATHS = "$(inherited) @executable_path/Frameworks";
				PRODUCT_BUNDLE_IDENTIFIER = com.darkarmy.Bewkoof;
				PRODUCT_NAME = "$(TARGET_NAME)";
			};
			name = Debug;
		};
		59C6AF041D3A35B2005E7522 /* Release */ = {
			isa = XCBuildConfiguration;
			buildSettings = {
				ASSETCATALOG_COMPILER_APPICON_NAME = AppIcon;
				INFOPLIST_FILE = Bewkoof/Info.plist;
				LD_RUNPATH_SEARCH_PATHS = "$(inherited) @executable_path/Frameworks";
				PRODUCT_BUNDLE_IDENTIFIER = com.darkarmy.Bewkoof;
				PRODUCT_NAME = "$(TARGET_NAME)";
			};
			name = Release;
		};
/* End XCBuildConfiguration section */

/* Begin XCConfigurationList section */
		59C6AEEB1D3A35B2005E7522 /* Build configuration list for PBXProject "Bewkoof" */ = {
			isa = XCConfigurationList;
			buildConfigurations = (
				59C6AF001D3A35B2005E7522 /* Debug */,
				59C6AF011D3A35B2005E7522 /* Release */,
			);
			defaultConfigurationIsVisible = 0;
			defaultConfigurationName = Release;
		};
		59C6AF021D3A35B2005E7522 /* Build configuration list for PBXNativeTarget "Bewkoof" */ = {
			isa = XCConfigurationList;
			buildConfigurations = (
				59C6AF031D3A35B2005E7522 /* Debug */,
				59C6AF041D3A35B2005E7522 /* Release */,
			);
			defaultConfigurationIsVisible = 0;
		};
/* End XCConfigurationList section */
	};
	rootObject = 59C6AEE81D3A35B2005E7522 /* Project object */;
}
